
Microsoft Visual Studio Solution File, Format Version 12.00
# Visual Studio Version 17
VisualStudioVersion = 17.6.33815.320
MinimumVisualStudioVersion = 10.0.40219.1
Project("{FAE04EC0-301F-11D3-BF4B-00C04F79EFBC}") = "Managermentlibrary", "Managermentlibrary\Managermentlibrary.csproj", "{D830CE37-C840-477D-B60B-6A6E30E22756}"
EndProject
Global
	GlobalSection(SolutionConfigurationPlatforms) = preSolution
		Debug|Any CPU = Debug|Any CPU
		Release|Any CPU = Release|Any CPU
	EndGlobalSection
	GlobalSection(ProjectConfigurationPlatforms) = postSolution
		{D830CE37-C840-477D-B60B-6A6E30E22756}.Debug|Any CPU.ActiveCfg = Debug|Any CPU
		{D830CE37-C840-477D-B60B-6A6E30E22756}.Debug|Any CPU.Build.0 = Debug|Any CPU
		{D830CE37-C840-477D-B60B-6A6E30E22756}.Release|Any CPU.ActiveCfg = Release|Any CPU
		{D830CE37-C840-477D-B60B-6A6E30E22756}.Release|Any CPU.Build.0 = Release|Any CPU
	EndGlobalSection
	GlobalSection(SolutionProperties) = preSolution
		HideSolutionNode = FALSE
	EndGlobalSection
	GlobalSection(ExtensibilityGlobals) = postSolution
		SolutionGuid = {F22DEA7C-CA65-41E0-8332-2EF90230A514}
	EndGlobalSection
EndGlobal
